
Microsoft Visual Studio Solution File, Format Version 12.00
# Visual Studio Version 17
VisualStudioVersion = 17.11.35219.272
MinimumVisualStudioVersion = 10.0.40219.1
Project("{2150E333-8FDC-42A3-9474-1A3956D46DE8}") = "test", "test", "{77AB0214-9185-484D-9875-27C4F53D1847}"
EndProject
Project("{2150E333-8FDC-42A3-9474-1A3956D46DE8}") = "src", "src", "{95D2B630-61B9-4B30-825E-A0EBE9599087}"
EndProject
Project("{9A19103F-16F7-4668-BE54-9A1E7A4F7556}") = "Chirp.Core", "src\Chirp.Core\Chirp.Core.csproj", "{439B2681-F2B4-4BF9-900D-E1F95CBDE2F3}"
EndProject
Project("{9A19103F-16F7-4668-BE54-9A1E7A4F7556}") = "Chirp.CSVDBService", "src\Chirp.CSVDBService\Chirp.CSVDBService.csproj", "{6082F10C-6AC6-425F-8A97-1CF0E746CCDF}"
EndProject
Project("{FAE04EC0-301F-11D3-BF4B-00C04F79EFBC}") = "Chirp.Razor", "src\Chirp.Razor\Chirp.Razor.csproj", "{6B474509-188F-475D-90DA-42114FB6C83F}"
EndProject
Global
	GlobalSection(SolutionConfigurationPlatforms) = preSolution
		Debug|Any CPU = Debug|Any CPU
		Release|Any CPU = Release|Any CPU
	EndGlobalSection
	GlobalSection(ProjectConfigurationPlatforms) = postSolution
		{439B2681-F2B4-4BF9-900D-E1F95CBDE2F3}.Debug|Any CPU.ActiveCfg = Debug|Any CPU
		{439B2681-F2B4-4BF9-900D-E1F95CBDE2F3}.Debug|Any CPU.Build.0 = Debug|Any CPU
		{439B2681-F2B4-4BF9-900D-E1F95CBDE2F3}.Release|Any CPU.ActiveCfg = Release|Any CPU
		{439B2681-F2B4-4BF9-900D-E1F95CBDE2F3}.Release|Any CPU.Build.0 = Release|Any CPU
		{6082F10C-6AC6-425F-8A97-1CF0E746CCDF}.Debug|Any CPU.ActiveCfg = Debug|Any CPU
		{6082F10C-6AC6-425F-8A97-1CF0E746CCDF}.Debug|Any CPU.Build.0 = Debug|Any CPU
		{6082F10C-6AC6-425F-8A97-1CF0E746CCDF}.Release|Any CPU.ActiveCfg = Release|Any CPU
		{6082F10C-6AC6-425F-8A97-1CF0E746CCDF}.Release|Any CPU.Build.0 = Release|Any CPU
		{6B474509-188F-475D-90DA-42114FB6C83F}.Debug|Any CPU.ActiveCfg = Debug|Any CPU
		{6B474509-188F-475D-90DA-42114FB6C83F}.Debug|Any CPU.Build.0 = Debug|Any CPU
		{6B474509-188F-475D-90DA-42114FB6C83F}.Release|Any CPU.ActiveCfg = Release|Any CPU
		{6B474509-188F-475D-90DA-42114FB6C83F}.Release|Any CPU.Build.0 = Release|Any CPU
	EndGlobalSection
	GlobalSection(SolutionProperties) = preSolution
		HideSolutionNode = FALSE
	EndGlobalSection
	GlobalSection(NestedProjects) = preSolution
		{439B2681-F2B4-4BF9-900D-E1F95CBDE2F3} = {95D2B630-61B9-4B30-825E-A0EBE9599087}
		{6082F10C-6AC6-425F-8A97-1CF0E746CCDF} = {95D2B630-61B9-4B30-825E-A0EBE9599087}
		{6B474509-188F-475D-90DA-42114FB6C83F} = {95D2B630-61B9-4B30-825E-A0EBE9599087}
	EndGlobalSection
	GlobalSection(ExtensibilityGlobals) = postSolution
		SolutionGuid = {DB46A8D3-9A8C-4B7A-A758-8313DE5AD363}
	EndGlobalSection
EndGlobal
