
Microsoft Visual Studio Solution File, Format Version 12.00
# Visual Studio Version 17
VisualStudioVersion = 17.12.35514.174
MinimumVisualStudioVersion = 10.0.40219.1
Project("{FAE04EC0-301F-11D3-BF4B-00C04F79EFBC}") = "Chirp.Razor", "src\Chirp.Razor\Chirp.Razor.csproj", "{28112986-7860-4B75-B36C-BE1D0A47DCBD}"
EndProject
Project("{FAE04EC0-301F-11D3-BF4B-00C04F79EFBC}") = "Chirp.Core", "src\Chirp.Core\Chirp.Core.csproj", "{AC2E9B1A-1830-4364-8FAD-865C3FA88661}"
EndProject
Project("{FAE04EC0-301F-11D3-BF4B-00C04F79EFBC}") = "Chirp.Tests", "test\Chirp.Tests\Chirp.Tests.csproj", "{F1B0D382-5205-4407-9423-8E833B00E02F}"
EndProject
Project("{FAE04EC0-301F-11D3-BF4B-00C04F79EFBC}") = "Chirp.Repositories", "src\Chirp.Repositories\Chirp.Repositories.csproj", "{672FB1BE-4570-41EC-B0D7-25B0F3E09731}"
EndProject
Project("{FAE04EC0-301F-11D3-BF4B-00C04F79EFBC}") = "Chirp.Services", "src\Chirp.Services\Chirp.Services.csproj", "{2611B62F-B4FC-4B7C-9711-76E22FD6E6C9}"
EndProject
Global
	GlobalSection(SolutionConfigurationPlatforms) = preSolution
		Debug|Any CPU = Debug|Any CPU
		Release|Any CPU = Release|Any CPU
	EndGlobalSection
	GlobalSection(ProjectConfigurationPlatforms) = postSolution
		{28112986-7860-4B75-B36C-BE1D0A47DCBD}.Debug|Any CPU.ActiveCfg = Debug|Any CPU
		{28112986-7860-4B75-B36C-BE1D0A47DCBD}.Debug|Any CPU.Build.0 = Debug|Any CPU
		{28112986-7860-4B75-B36C-BE1D0A47DCBD}.Release|Any CPU.ActiveCfg = Release|Any CPU
		{28112986-7860-4B75-B36C-BE1D0A47DCBD}.Release|Any CPU.Build.0 = Release|Any CPU
		{AC2E9B1A-1830-4364-8FAD-865C3FA88661}.Debug|Any CPU.ActiveCfg = Debug|Any CPU
		{AC2E9B1A-1830-4364-8FAD-865C3FA88661}.Debug|Any CPU.Build.0 = Debug|Any CPU
		{AC2E9B1A-1830-4364-8FAD-865C3FA88661}.Release|Any CPU.ActiveCfg = Release|Any CPU
		{AC2E9B1A-1830-4364-8FAD-865C3FA88661}.Release|Any CPU.Build.0 = Release|Any CPU
		{F1B0D382-5205-4407-9423-8E833B00E02F}.Debug|Any CPU.ActiveCfg = Debug|Any CPU
		{F1B0D382-5205-4407-9423-8E833B00E02F}.Debug|Any CPU.Build.0 = Debug|Any CPU
		{F1B0D382-5205-4407-9423-8E833B00E02F}.Release|Any CPU.ActiveCfg = Release|Any CPU
		{F1B0D382-5205-4407-9423-8E833B00E02F}.Release|Any CPU.Build.0 = Release|Any CPU
		{672FB1BE-4570-41EC-B0D7-25B0F3E09731}.Debug|Any CPU.ActiveCfg = Debug|Any CPU
		{672FB1BE-4570-41EC-B0D7-25B0F3E09731}.Debug|Any CPU.Build.0 = Debug|Any CPU
		{672FB1BE-4570-41EC-B0D7-25B0F3E09731}.Release|Any CPU.ActiveCfg = Release|Any CPU
		{672FB1BE-4570-41EC-B0D7-25B0F3E09731}.Release|Any CPU.Build.0 = Release|Any CPU
		{2611B62F-B4FC-4B7C-9711-76E22FD6E6C9}.Debug|Any CPU.ActiveCfg = Debug|Any CPU
		{2611B62F-B4FC-4B7C-9711-76E22FD6E6C9}.Debug|Any CPU.Build.0 = Debug|Any CPU
		{2611B62F-B4FC-4B7C-9711-76E22FD6E6C9}.Release|Any CPU.ActiveCfg = Release|Any CPU
		{2611B62F-B4FC-4B7C-9711-76E22FD6E6C9}.Release|Any CPU.Build.0 = Release|Any CPU
	EndGlobalSection
	GlobalSection(SolutionProperties) = preSolution
		HideSolutionNode = FALSE
	EndGlobalSection
EndGlobal
