
Microsoft Visual Studio Solution File, Format Version 12.00
# Visual Studio Version 17
VisualStudioVersion = 17.12.35514.174
MinimumVisualStudioVersion = 10.0.40219.1
Project("{FAE04EC0-301F-11D3-BF4B-00C04F79EFBC}") = "Chirp.Razor", "src\Chirp.Razor\Chirp.Razor.csproj", "{28112986-7860-4B75-B36C-BE1D0A47DCBD}"
EndProject
Project("{FAE04EC0-301F-11D3-BF4B-00C04F79EFBC}") = "Chirp.Core", "src\Chirp.Core\Chirp.Core.csproj", "{AC2E9B1A-1830-4364-8FAD-865C3FA88661}"
EndProject
Project("{FAE04EC0-301F-11D3-BF4B-00C04F79EFBC}") = "Chirp.Razor.Tests", "test\Chirp.Razor.Tests\Chirp.Razor.Tests.csproj", "{1581DC1E-94CE-4A7A-B963-1ABF66620A48}"
EndProject
Project("{FAE04EC0-301F-11D3-BF4B-00C04F79EFBC}") = "Chirp.Services", "Chirp.Services\Chirp.Services.csproj", "{C40DB793-FF59-4DF3-9FE2-3F90F0241A27}"
EndProject
Global
	GlobalSection(SolutionConfigurationPlatforms) = preSolution
		Debug|Any CPU = Debug|Any CPU
		Release|Any CPU = Release|Any CPU
	EndGlobalSection
	GlobalSection(ProjectConfigurationPlatforms) = postSolution
		{28112986-7860-4B75-B36C-BE1D0A47DCBD}.Debug|Any CPU.ActiveCfg = Debug|Any CPU
		{28112986-7860-4B75-B36C-BE1D0A47DCBD}.Debug|Any CPU.Build.0 = Debug|Any CPU
		{28112986-7860-4B75-B36C-BE1D0A47DCBD}.Release|Any CPU.ActiveCfg = Release|Any CPU
		{28112986-7860-4B75-B36C-BE1D0A47DCBD}.Release|Any CPU.Build.0 = Release|Any CPU
		{AC2E9B1A-1830-4364-8FAD-865C3FA88661}.Debug|Any CPU.ActiveCfg = Debug|Any CPU
		{AC2E9B1A-1830-4364-8FAD-865C3FA88661}.Debug|Any CPU.Build.0 = Debug|Any CPU
		{AC2E9B1A-1830-4364-8FAD-865C3FA88661}.Release|Any CPU.ActiveCfg = Release|Any CPU
		{AC2E9B1A-1830-4364-8FAD-865C3FA88661}.Release|Any CPU.Build.0 = Release|Any CPU
		{1581DC1E-94CE-4A7A-B963-1ABF66620A48}.Debug|Any CPU.ActiveCfg = Debug|Any CPU
		{1581DC1E-94CE-4A7A-B963-1ABF66620A48}.Debug|Any CPU.Build.0 = Debug|Any CPU
		{1581DC1E-94CE-4A7A-B963-1ABF66620A48}.Release|Any CPU.ActiveCfg = Release|Any CPU
		{1581DC1E-94CE-4A7A-B963-1ABF66620A48}.Release|Any CPU.Build.0 = Release|Any CPU
		{C40DB793-FF59-4DF3-9FE2-3F90F0241A27}.Debug|Any CPU.ActiveCfg = Debug|Any CPU
		{C40DB793-FF59-4DF3-9FE2-3F90F0241A27}.Debug|Any CPU.Build.0 = Debug|Any CPU
		{C40DB793-FF59-4DF3-9FE2-3F90F0241A27}.Release|Any CPU.ActiveCfg = Release|Any CPU
		{C40DB793-FF59-4DF3-9FE2-3F90F0241A27}.Release|Any CPU.Build.0 = Release|Any CPU
	EndGlobalSection
	GlobalSection(SolutionProperties) = preSolution
		HideSolutionNode = FALSE
	EndGlobalSection
EndGlobal
